
Microsoft Visual Studio Solution File, Format Version 12.00
# Visual Studio Version 17
VisualStudioVersion = 17.5.002.0
MinimumVisualStudioVersion = 10.0.40219.1
Project("{9A19103F-16F7-4668-BE54-9A1E7A4F7556}") = "Math.Core", "src\Math.Core\Math.Core.csproj", "{7102090B-968A-4887-931E-4726FFF8D670}"
EndProject
Project("{2150E333-8FDC-42A3-9474-1A3956D46DE8}") = "tests", "tests", "{E79C9707-8EF8-467C-B904-8351CBA6C46E}"
EndProject
Project("{FAE04EC0-301F-11D3-BF4B-00C04F79EFBC}") = "Math.Core.Tests", "tests\Math.Core.Tests\Math.Core.Tests.csproj", "{FF6B43C0-BB79-401E-A787-148770B3E847}"
EndProject
Project("{FAE04EC0-301F-11D3-BF4B-00C04F79EFBC}") = "benchmark", "benchmarks\benchmark\benchmark.csproj", "{6D9AB39D-D69E-4FBA-97A2-E50C30CCB711}"
EndProject
Global
	GlobalSection(SolutionConfigurationPlatforms) = preSolution
		Debug|Any CPU = Debug|Any CPU
		Release|Any CPU = Release|Any CPU
	EndGlobalSection
	GlobalSection(ProjectConfigurationPlatforms) = postSolution
		{7102090B-968A-4887-931E-4726FFF8D670}.Debug|Any CPU.ActiveCfg = Debug|Any CPU
		{7102090B-968A-4887-931E-4726FFF8D670}.Debug|Any CPU.Build.0 = Debug|Any CPU
		{7102090B-968A-4887-931E-4726FFF8D670}.Release|Any CPU.ActiveCfg = Release|Any CPU
		{7102090B-968A-4887-931E-4726FFF8D670}.Release|Any CPU.Build.0 = Release|Any CPU
		{FF6B43C0-BB79-401E-A787-148770B3E847}.Debug|Any CPU.ActiveCfg = Debug|Any CPU
		{FF6B43C0-BB79-401E-A787-148770B3E847}.Debug|Any CPU.Build.0 = Debug|Any CPU
		{FF6B43C0-BB79-401E-A787-148770B3E847}.Release|Any CPU.ActiveCfg = Release|Any CPU
		{FF6B43C0-BB79-401E-A787-148770B3E847}.Release|Any CPU.Build.0 = Release|Any CPU
		{6D9AB39D-D69E-4FBA-97A2-E50C30CCB711}.Debug|Any CPU.ActiveCfg = Debug|Any CPU
		{6D9AB39D-D69E-4FBA-97A2-E50C30CCB711}.Debug|Any CPU.Build.0 = Debug|Any CPU
		{6D9AB39D-D69E-4FBA-97A2-E50C30CCB711}.Release|Any CPU.ActiveCfg = Release|Any CPU
		{6D9AB39D-D69E-4FBA-97A2-E50C30CCB711}.Release|Any CPU.Build.0 = Release|Any CPU
	EndGlobalSection
	GlobalSection(SolutionProperties) = preSolution
		HideSolutionNode = FALSE
	EndGlobalSection
	GlobalSection(ExtensibilityGlobals) = postSolution
		SolutionGuid = {D9DCCB18-3F06-45B0-8D09-D36C1FB45118}
	EndGlobalSection
	GlobalSection(NestedProjects) = preSolution
		{FF6B43C0-BB79-401E-A787-148770B3E847} = {E79C9707-8EF8-467C-B904-8351CBA6C46E}
	EndGlobalSection
EndGlobal
